
Microsoft Visual Studio Solution File, Format Version 12.00
# Visual Studio Version 17
VisualStudioVersion = 17.4.33122.133
MinimumVisualStudioVersion = 10.0.40219.1
Project("{FAE04EC0-301F-11D3-BF4B-00C04F79EFBC}") = "Projekt", "Projekt.csproj", "{AFB43920-3002-4D64-8AE0-AD4B67A58A7F}"
EndProject
Global
	GlobalSection(SolutionConfigurationPlatforms) = preSolution
		Debug|Any CPU = Debug|Any CPU
		Debug|ARM64 = Debug|ARM64
		Debug|x64 = Debug|x64
		Release|Any CPU = Release|Any CPU
		Release|ARM64 = Release|ARM64
		Release|x64 = Release|x64
		x64|Any CPU = x64|Any CPU
		x64|ARM64 = x64|ARM64
		x64|x64 = x64|x64
	EndGlobalSection
	GlobalSection(ProjectConfigurationPlatforms) = postSolution
		{AFB43920-3002-4D64-8AE0-AD4B67A58A7F}.Debug|Any CPU.ActiveCfg = Debug|Any CPU
		{AFB43920-3002-4D64-8AE0-AD4B67A58A7F}.Debug|Any CPU.Build.0 = Debug|Any CPU
		{AFB43920-3002-4D64-8AE0-AD4B67A58A7F}.Debug|ARM64.ActiveCfg = Debug|ARM64
		{AFB43920-3002-4D64-8AE0-AD4B67A58A7F}.Debug|ARM64.Build.0 = Debug|ARM64
		{AFB43920-3002-4D64-8AE0-AD4B67A58A7F}.Debug|x64.ActiveCfg = Debug|x64
		{AFB43920-3002-4D64-8AE0-AD4B67A58A7F}.Debug|x64.Build.0 = Debug|x64
		{AFB43920-3002-4D64-8AE0-AD4B67A58A7F}.Release|Any CPU.ActiveCfg = Release|Any CPU
		{AFB43920-3002-4D64-8AE0-AD4B67A58A7F}.Release|Any CPU.Build.0 = Release|Any CPU
		{AFB43920-3002-4D64-8AE0-AD4B67A58A7F}.Release|ARM64.ActiveCfg = Release|ARM64
		{AFB43920-3002-4D64-8AE0-AD4B67A58A7F}.Release|ARM64.Build.0 = Release|ARM64
		{AFB43920-3002-4D64-8AE0-AD4B67A58A7F}.Release|x64.ActiveCfg = Release|x64
		{AFB43920-3002-4D64-8AE0-AD4B67A58A7F}.Release|x64.Build.0 = Release|x64
		{AFB43920-3002-4D64-8AE0-AD4B67A58A7F}.x64|Any CPU.ActiveCfg = x64|Any CPU
		{AFB43920-3002-4D64-8AE0-AD4B67A58A7F}.x64|Any CPU.Build.0 = x64|Any CPU
		{AFB43920-3002-4D64-8AE0-AD4B67A58A7F}.x64|ARM64.ActiveCfg = x64|ARM64
		{AFB43920-3002-4D64-8AE0-AD4B67A58A7F}.x64|ARM64.Build.0 = x64|ARM64
		{AFB43920-3002-4D64-8AE0-AD4B67A58A7F}.x64|x64.ActiveCfg = x64|x64
		{AFB43920-3002-4D64-8AE0-AD4B67A58A7F}.x64|x64.Build.0 = x64|x64
	EndGlobalSection
	GlobalSection(SolutionProperties) = preSolution
		HideSolutionNode = FALSE
	EndGlobalSection
	GlobalSection(ExtensibilityGlobals) = postSolution
		SolutionGuid = {1C038F0E-1B0E-4BB6-A034-246E4ED208E2}
	EndGlobalSection
EndGlobal
